
Microsoft Visual Studio Solution File, Format Version 12.00
# Visual Studio Version 17
VisualStudioVersion = 17.5.33502.453
MinimumVisualStudioVersion = 10.0.40219.1
Project("{9A19103F-16F7-4668-BE54-9A1E7A4F7556}") = "Kakao", "Kakao\Kakao.csproj", "{F35BE700-06E5-4598-8EA3-6A111A9F1307}"
EndProject
Project("{9A19103F-16F7-4668-BE54-9A1E7A4F7556}") = "Kakao.Forms", "Kako.Forms\Kakao.Forms.csproj", "{9422DB6B-9CBD-49CA-853C-E585F98D593B}"
EndProject
Project("{2150E333-8FDC-42A3-9474-1A3956D46DE8}") = "Studio", "Studio", "{F22C1B0C-C034-4605-B231-C8D5EA49D039}"
EndProject
Project("{2150E333-8FDC-42A3-9474-1A3956D46DE8}") = "Partial", "Partial", "{580C08BB-9FF7-48CD-B8D3-C014BA120FFB}"
EndProject
Project("{9A19103F-16F7-4668-BE54-9A1E7A4F7556}") = "Kakao.Login", "Kakao.Login\Kakao.Login.csproj", "{1AC29831-25D5-4F46-8D12-9A131AA13DF9}"
EndProject
Project("{9A19103F-16F7-4668-BE54-9A1E7A4F7556}") = "Kakao.Friends", "Kakao.Friends\Kakao.Friends.csproj", "{DFF6DAAA-0174-4CD1-8D10-C686E462BF66}"
EndProject
Project("{2150E333-8FDC-42A3-9474-1A3956D46DE8}") = "Based", "Based", "{AE39C806-6F13-4B82-A7D3-F1AA4F6E01D9}"
EndProject
Project("{9A19103F-16F7-4668-BE54-9A1E7A4F7556}") = "Kakao.Core", "Kakao.Core\Kakao.Core.csproj", "{2721EDA0-66CE-4B35-91A3-74E5EA2122F6}"
EndProject
Project("{9A19103F-16F7-4668-BE54-9A1E7A4F7556}") = "Kakao.Main", "Kakao.Main\Kakao.Main.csproj", "{D493AABB-11D9-46B2-96AE-32F3ED165470}"
EndProject
Project("{9A19103F-16F7-4668-BE54-9A1E7A4F7556}") = "Kakao.Chats", "Kakao.Chats\Kakao.Chats.csproj", "{C8513C1D-B90A-4D97-8B4F-CE5792F52E22}"
EndProject
Project("{9A19103F-16F7-4668-BE54-9A1E7A4F7556}") = "Kakao.More", "Kakao.More\Kakao.More.csproj", "{999234FA-03D2-42E7-A8F0-C1C4699E0339}"
EndProject
Project("{2150E333-8FDC-42A3-9474-1A3956D46DE8}") = "Foundation", "Foundation", "{0729F742-F3E9-4CF6-A3E5-C4CA96DC0FFB}"
EndProject
Project("{9A19103F-16F7-4668-BE54-9A1E7A4F7556}") = "Kakao.LayoutSupport", "Kakao.LayoutSupport\Kakao.LayoutSupport.csproj", "{A2CBB251-D874-4718-8C4D-6C986F1EA8D5}"
EndProject
Project("{9A19103F-16F7-4668-BE54-9A1E7A4F7556}") = "Kakao.Friends.Birth", "Kakao.Friends.Birth\Kakao.Friends.Birth.csproj", "{32997C8F-0433-4EC7-A044-4B4E68E0E43B}"
EndProject
Project("{2150E333-8FDC-42A3-9474-1A3956D46DE8}") = "Friends", "Friends", "{C89A6176-E1F5-4968-93EC-69F9345F759C}"
EndProject
Project("{9A19103F-16F7-4668-BE54-9A1E7A4F7556}") = "Kakao.Friends.Favorites", "Kakao.Friends.Favorites\Kakao.Friends.Favorites.csproj", "{3E85DA4D-897C-4400-B8CE-EEB8CD48DF81}"
EndProject
Project("{2150E333-8FDC-42A3-9474-1A3956D46DE8}") = "Pages", "Pages", "{43A7F4EF-10A6-4FEC-9FCB-13AFFFE2B215}"
EndProject
Project("{2150E333-8FDC-42A3-9474-1A3956D46DE8}") = "Talks", "Talks", "{12D8E80E-CE99-43E1-AE56-7E24F0546F6D}"
EndProject
Project("{9A19103F-16F7-4668-BE54-9A1E7A4F7556}") = "Kakao.Talk", "Kakao.Talk\Kakao.Talk.csproj", "{086CC7DA-3225-4D87-B00B-A769FD9253F2}"
EndProject
Project("{FAE04EC0-301F-11D3-BF4B-00C04F79EFBC}") = "Kakao.Talk.TextMessage", "Kakao.Talk.TextMessage\Kakao.Talk.TextMessage.csproj", "{258B7D78-DF5D-4F0F-B177-1A0F32EE046E}"
EndProject
Global
	GlobalSection(SolutionConfigurationPlatforms) = preSolution
		Debug|Any CPU = Debug|Any CPU
		Release|Any CPU = Release|Any CPU
	EndGlobalSection
	GlobalSection(ProjectConfigurationPlatforms) = postSolution
		{F35BE700-06E5-4598-8EA3-6A111A9F1307}.Debug|Any CPU.ActiveCfg = Debug|Any CPU
		{F35BE700-06E5-4598-8EA3-6A111A9F1307}.Debug|Any CPU.Build.0 = Debug|Any CPU
		{F35BE700-06E5-4598-8EA3-6A111A9F1307}.Release|Any CPU.ActiveCfg = Release|Any CPU
		{F35BE700-06E5-4598-8EA3-6A111A9F1307}.Release|Any CPU.Build.0 = Release|Any CPU
		{9422DB6B-9CBD-49CA-853C-E585F98D593B}.Debug|Any CPU.ActiveCfg = Debug|Any CPU
		{9422DB6B-9CBD-49CA-853C-E585F98D593B}.Debug|Any CPU.Build.0 = Debug|Any CPU
		{9422DB6B-9CBD-49CA-853C-E585F98D593B}.Release|Any CPU.ActiveCfg = Release|Any CPU
		{9422DB6B-9CBD-49CA-853C-E585F98D593B}.Release|Any CPU.Build.0 = Release|Any CPU
		{1AC29831-25D5-4F46-8D12-9A131AA13DF9}.Debug|Any CPU.ActiveCfg = Debug|Any CPU
		{1AC29831-25D5-4F46-8D12-9A131AA13DF9}.Debug|Any CPU.Build.0 = Debug|Any CPU
		{1AC29831-25D5-4F46-8D12-9A131AA13DF9}.Release|Any CPU.ActiveCfg = Release|Any CPU
		{1AC29831-25D5-4F46-8D12-9A131AA13DF9}.Release|Any CPU.Build.0 = Release|Any CPU
		{DFF6DAAA-0174-4CD1-8D10-C686E462BF66}.Debug|Any CPU.ActiveCfg = Debug|Any CPU
		{DFF6DAAA-0174-4CD1-8D10-C686E462BF66}.Debug|Any CPU.Build.0 = Debug|Any CPU
		{DFF6DAAA-0174-4CD1-8D10-C686E462BF66}.Release|Any CPU.ActiveCfg = Release|Any CPU
		{DFF6DAAA-0174-4CD1-8D10-C686E462BF66}.Release|Any CPU.Build.0 = Release|Any CPU
		{2721EDA0-66CE-4B35-91A3-74E5EA2122F6}.Debug|Any CPU.ActiveCfg = Debug|Any CPU
		{2721EDA0-66CE-4B35-91A3-74E5EA2122F6}.Debug|Any CPU.Build.0 = Debug|Any CPU
		{2721EDA0-66CE-4B35-91A3-74E5EA2122F6}.Release|Any CPU.ActiveCfg = Release|Any CPU
		{2721EDA0-66CE-4B35-91A3-74E5EA2122F6}.Release|Any CPU.Build.0 = Release|Any CPU
		{D493AABB-11D9-46B2-96AE-32F3ED165470}.Debug|Any CPU.ActiveCfg = Debug|Any CPU
		{D493AABB-11D9-46B2-96AE-32F3ED165470}.Debug|Any CPU.Build.0 = Debug|Any CPU
		{D493AABB-11D9-46B2-96AE-32F3ED165470}.Release|Any CPU.ActiveCfg = Release|Any CPU
		{D493AABB-11D9-46B2-96AE-32F3ED165470}.Release|Any CPU.Build.0 = Release|Any CPU
		{C8513C1D-B90A-4D97-8B4F-CE5792F52E22}.Debug|Any CPU.ActiveCfg = Debug|Any CPU
		{C8513C1D-B90A-4D97-8B4F-CE5792F52E22}.Debug|Any CPU.Build.0 = Debug|Any CPU
		{C8513C1D-B90A-4D97-8B4F-CE5792F52E22}.Release|Any CPU.ActiveCfg = Release|Any CPU
		{C8513C1D-B90A-4D97-8B4F-CE5792F52E22}.Release|Any CPU.Build.0 = Release|Any CPU
		{999234FA-03D2-42E7-A8F0-C1C4699E0339}.Debug|Any CPU.ActiveCfg = Debug|Any CPU
		{999234FA-03D2-42E7-A8F0-C1C4699E0339}.Debug|Any CPU.Build.0 = Debug|Any CPU
		{999234FA-03D2-42E7-A8F0-C1C4699E0339}.Release|Any CPU.ActiveCfg = Release|Any CPU
		{999234FA-03D2-42E7-A8F0-C1C4699E0339}.Release|Any CPU.Build.0 = Release|Any CPU
		{A2CBB251-D874-4718-8C4D-6C986F1EA8D5}.Debug|Any CPU.ActiveCfg = Debug|Any CPU
		{A2CBB251-D874-4718-8C4D-6C986F1EA8D5}.Debug|Any CPU.Build.0 = Debug|Any CPU
		{A2CBB251-D874-4718-8C4D-6C986F1EA8D5}.Release|Any CPU.ActiveCfg = Release|Any CPU
		{A2CBB251-D874-4718-8C4D-6C986F1EA8D5}.Release|Any CPU.Build.0 = Release|Any CPU
		{32997C8F-0433-4EC7-A044-4B4E68E0E43B}.Debug|Any CPU.ActiveCfg = Debug|Any CPU
		{32997C8F-0433-4EC7-A044-4B4E68E0E43B}.Debug|Any CPU.Build.0 = Debug|Any CPU
		{32997C8F-0433-4EC7-A044-4B4E68E0E43B}.Release|Any CPU.ActiveCfg = Release|Any CPU
		{32997C8F-0433-4EC7-A044-4B4E68E0E43B}.Release|Any CPU.Build.0 = Release|Any CPU
		{3E85DA4D-897C-4400-B8CE-EEB8CD48DF81}.Debug|Any CPU.ActiveCfg = Debug|Any CPU
		{3E85DA4D-897C-4400-B8CE-EEB8CD48DF81}.Debug|Any CPU.Build.0 = Debug|Any CPU
		{3E85DA4D-897C-4400-B8CE-EEB8CD48DF81}.Release|Any CPU.ActiveCfg = Release|Any CPU
		{3E85DA4D-897C-4400-B8CE-EEB8CD48DF81}.Release|Any CPU.Build.0 = Release|Any CPU
		{086CC7DA-3225-4D87-B00B-A769FD9253F2}.Debug|Any CPU.ActiveCfg = Debug|Any CPU
		{086CC7DA-3225-4D87-B00B-A769FD9253F2}.Debug|Any CPU.Build.0 = Debug|Any CPU
		{086CC7DA-3225-4D87-B00B-A769FD9253F2}.Release|Any CPU.ActiveCfg = Release|Any CPU
		{086CC7DA-3225-4D87-B00B-A769FD9253F2}.Release|Any CPU.Build.0 = Release|Any CPU
		{258B7D78-DF5D-4F0F-B177-1A0F32EE046E}.Debug|Any CPU.ActiveCfg = Debug|Any CPU
		{258B7D78-DF5D-4F0F-B177-1A0F32EE046E}.Debug|Any CPU.Build.0 = Debug|Any CPU
		{258B7D78-DF5D-4F0F-B177-1A0F32EE046E}.Release|Any CPU.ActiveCfg = Release|Any CPU
		{258B7D78-DF5D-4F0F-B177-1A0F32EE046E}.Release|Any CPU.Build.0 = Release|Any CPU
	EndGlobalSection
	GlobalSection(SolutionProperties) = preSolution
		HideSolutionNode = FALSE
	EndGlobalSection
	GlobalSection(NestedProjects) = preSolution
		{F35BE700-06E5-4598-8EA3-6A111A9F1307} = {F22C1B0C-C034-4605-B231-C8D5EA49D039}
		{9422DB6B-9CBD-49CA-853C-E585F98D593B} = {43A7F4EF-10A6-4FEC-9FCB-13AFFFE2B215}
		{1AC29831-25D5-4F46-8D12-9A131AA13DF9} = {43A7F4EF-10A6-4FEC-9FCB-13AFFFE2B215}
		{DFF6DAAA-0174-4CD1-8D10-C686E462BF66} = {C89A6176-E1F5-4968-93EC-69F9345F759C}
		{2721EDA0-66CE-4B35-91A3-74E5EA2122F6} = {AE39C806-6F13-4B82-A7D3-F1AA4F6E01D9}
		{D493AABB-11D9-46B2-96AE-32F3ED165470} = {43A7F4EF-10A6-4FEC-9FCB-13AFFFE2B215}
		{C8513C1D-B90A-4D97-8B4F-CE5792F52E22} = {580C08BB-9FF7-48CD-B8D3-C014BA120FFB}
		{999234FA-03D2-42E7-A8F0-C1C4699E0339} = {580C08BB-9FF7-48CD-B8D3-C014BA120FFB}
		{A2CBB251-D874-4718-8C4D-6C986F1EA8D5} = {0729F742-F3E9-4CF6-A3E5-C4CA96DC0FFB}
		{32997C8F-0433-4EC7-A044-4B4E68E0E43B} = {C89A6176-E1F5-4968-93EC-69F9345F759C}
		{C89A6176-E1F5-4968-93EC-69F9345F759C} = {580C08BB-9FF7-48CD-B8D3-C014BA120FFB}
		{3E85DA4D-897C-4400-B8CE-EEB8CD48DF81} = {C89A6176-E1F5-4968-93EC-69F9345F759C}
		{43A7F4EF-10A6-4FEC-9FCB-13AFFFE2B215} = {580C08BB-9FF7-48CD-B8D3-C014BA120FFB}
		{12D8E80E-CE99-43E1-AE56-7E24F0546F6D} = {580C08BB-9FF7-48CD-B8D3-C014BA120FFB}
		{086CC7DA-3225-4D87-B00B-A769FD9253F2} = {12D8E80E-CE99-43E1-AE56-7E24F0546F6D}
		{258B7D78-DF5D-4F0F-B177-1A0F32EE046E} = {12D8E80E-CE99-43E1-AE56-7E24F0546F6D}
	EndGlobalSection
	GlobalSection(ExtensibilityGlobals) = postSolution
		SolutionGuid = {1777CA02-CE31-4601-A630-41E7327C5C56}
	EndGlobalSection
EndGlobal
