
Microsoft Visual Studio Solution File, Format Version 12.00
# Visual Studio Version 17
VisualStudioVersion = 17.5.33502.453
MinimumVisualStudioVersion = 10.0.40219.1
Project("{FAE04EC0-301F-11D3-BF4B-00C04F79EFBC}") = "Kakao", "Kakao\Kakao.csproj", "{F35BE700-06E5-4598-8EA3-6A111A9F1307}"
EndProject
Project("{FAE04EC0-301F-11D3-BF4B-00C04F79EFBC}") = "Kako.Forms", "Kako.Forms\Kako.Forms.csproj", "{9422DB6B-9CBD-49CA-853C-E585F98D593B}"
EndProject
Global
	GlobalSection(SolutionConfigurationPlatforms) = preSolution
		Debug|Any CPU = Debug|Any CPU
		Release|Any CPU = Release|Any CPU
	EndGlobalSection
	GlobalSection(ProjectConfigurationPlatforms) = postSolution
		{F35BE700-06E5-4598-8EA3-6A111A9F1307}.Debug|Any CPU.ActiveCfg = Debug|Any CPU
		{F35BE700-06E5-4598-8EA3-6A111A9F1307}.Debug|Any CPU.Build.0 = Debug|Any CPU
		{F35BE700-06E5-4598-8EA3-6A111A9F1307}.Release|Any CPU.ActiveCfg = Release|Any CPU
		{F35BE700-06E5-4598-8EA3-6A111A9F1307}.Release|Any CPU.Build.0 = Release|Any CPU
		{9422DB6B-9CBD-49CA-853C-E585F98D593B}.Debug|Any CPU.ActiveCfg = Debug|Any CPU
		{9422DB6B-9CBD-49CA-853C-E585F98D593B}.Debug|Any CPU.Build.0 = Debug|Any CPU
		{9422DB6B-9CBD-49CA-853C-E585F98D593B}.Release|Any CPU.ActiveCfg = Release|Any CPU
		{9422DB6B-9CBD-49CA-853C-E585F98D593B}.Release|Any CPU.Build.0 = Release|Any CPU
	EndGlobalSection
	GlobalSection(SolutionProperties) = preSolution
		HideSolutionNode = FALSE
	EndGlobalSection
	GlobalSection(ExtensibilityGlobals) = postSolution
		SolutionGuid = {1777CA02-CE31-4601-A630-41E7327C5C56}
	EndGlobalSection
EndGlobal
